
Microsoft Visual Studio Solution File, Format Version 12.00
# Visual Studio Version 16
VisualStudioVersion = 16.0.30523.141
MinimumVisualStudioVersion = 10.0.40219.1
Project("{FAE04EC0-301F-11D3-BF4B-00C04F79EFBC}") = "PraktikumWeek14", "PraktikumWeek14\PraktikumWeek14.csproj", "{08B630D2-B709-4394-9CBD-5D255D316FEA}"
EndProject
Global
	GlobalSection(SolutionConfigurationPlatforms) = preSolution
		Debug|Any CPU = Debug|Any CPU
		Release|Any CPU = Release|Any CPU
	EndGlobalSection
	GlobalSection(ProjectConfigurationPlatforms) = postSolution
		{08B630D2-B709-4394-9CBD-5D255D316FEA}.Debug|Any CPU.ActiveCfg = Debug|Any CPU
		{08B630D2-B709-4394-9CBD-5D255D316FEA}.Debug|Any CPU.Build.0 = Debug|Any CPU
		{08B630D2-B709-4394-9CBD-5D255D316FEA}.Release|Any CPU.ActiveCfg = Release|Any CPU
		{08B630D2-B709-4394-9CBD-5D255D316FEA}.Release|Any CPU.Build.0 = Release|Any CPU
	EndGlobalSection
	GlobalSection(SolutionProperties) = preSolution
		HideSolutionNode = FALSE
	EndGlobalSection
	GlobalSection(ExtensibilityGlobals) = postSolution
		SolutionGuid = {7D1889AC-334E-466B-9F41-97A804D161D8}
	EndGlobalSection
EndGlobal
