
Microsoft Visual Studio Solution File, Format Version 12.00
# Visual Studio Version 16
VisualStudioVersion = 16.0.30523.141
MinimumVisualStudioVersion = 10.0.40219.1
Project("{FAE04EC0-301F-11D3-BF4B-00C04F79EFBC}") = "CobaMultiplayer", "CobaMultiplayer\CobaMultiplayer.csproj", "{1367B189-E186-4A40-9342-FE781BFE3406}"
EndProject
Global
	GlobalSection(SolutionConfigurationPlatforms) = preSolution
		Debug|Any CPU = Debug|Any CPU
		Release|Any CPU = Release|Any CPU
	EndGlobalSection
	GlobalSection(ProjectConfigurationPlatforms) = postSolution
		{1367B189-E186-4A40-9342-FE781BFE3406}.Debug|Any CPU.ActiveCfg = Debug|Any CPU
		{1367B189-E186-4A40-9342-FE781BFE3406}.Debug|Any CPU.Build.0 = Debug|Any CPU
		{1367B189-E186-4A40-9342-FE781BFE3406}.Release|Any CPU.ActiveCfg = Release|Any CPU
		{1367B189-E186-4A40-9342-FE781BFE3406}.Release|Any CPU.Build.0 = Release|Any CPU
	EndGlobalSection
	GlobalSection(SolutionProperties) = preSolution
		HideSolutionNode = FALSE
	EndGlobalSection
	GlobalSection(ExtensibilityGlobals) = postSolution
		SolutionGuid = {763CD7F9-E26A-4FDD-A8F6-B7D0757AC8D0}
	EndGlobalSection
EndGlobal
