
Microsoft Visual Studio Solution File, Format Version 12.00
# Visual Studio Version 16
VisualStudioVersion = 16.0.30523.141
MinimumVisualStudioVersion = 10.0.40219.1
Project("{FAE04EC0-301F-11D3-BF4B-00C04F79EFBC}") = "TugasWeek14", "TugasWeek14\TugasWeek14.csproj", "{129952B8-B3B7-4697-B6E1-BDA5B3C85E9F}"
EndProject
Global
	GlobalSection(SolutionConfigurationPlatforms) = preSolution
		Debug|Any CPU = Debug|Any CPU
		Release|Any CPU = Release|Any CPU
	EndGlobalSection
	GlobalSection(ProjectConfigurationPlatforms) = postSolution
		{129952B8-B3B7-4697-B6E1-BDA5B3C85E9F}.Debug|Any CPU.ActiveCfg = Debug|Any CPU
		{129952B8-B3B7-4697-B6E1-BDA5B3C85E9F}.Debug|Any CPU.Build.0 = Debug|Any CPU
		{129952B8-B3B7-4697-B6E1-BDA5B3C85E9F}.Release|Any CPU.ActiveCfg = Release|Any CPU
		{129952B8-B3B7-4697-B6E1-BDA5B3C85E9F}.Release|Any CPU.Build.0 = Release|Any CPU
	EndGlobalSection
	GlobalSection(SolutionProperties) = preSolution
		HideSolutionNode = FALSE
	EndGlobalSection
	GlobalSection(ExtensibilityGlobals) = postSolution
		SolutionGuid = {0881DEFC-A49D-45FE-BD8E-A729D205256E}
	EndGlobalSection
EndGlobal
